
Microsoft Visual Studio Solution File, Format Version 12.00
# Visual Studio Version 17
VisualStudioVersion = 17.5.33502.453
MinimumVisualStudioVersion = 10.0.40219.1
Project("{FAE04EC0-301F-11D3-BF4B-00C04F79EFBC}") = "1Ora", "1Ora\1Ora.csproj", "{1FC30521-6BC1-4F5C-8B90-627687B5FE4E}"
EndProject
Global
	GlobalSection(SolutionConfigurationPlatforms) = preSolution
		Debug|Any CPU = Debug|Any CPU
		Release|Any CPU = Release|Any CPU
	EndGlobalSection
	GlobalSection(ProjectConfigurationPlatforms) = postSolution
		{1FC30521-6BC1-4F5C-8B90-627687B5FE4E}.Debug|Any CPU.ActiveCfg = Debug|Any CPU
		{1FC30521-6BC1-4F5C-8B90-627687B5FE4E}.Debug|Any CPU.Build.0 = Debug|Any CPU
		{1FC30521-6BC1-4F5C-8B90-627687B5FE4E}.Release|Any CPU.ActiveCfg = Release|Any CPU
		{1FC30521-6BC1-4F5C-8B90-627687B5FE4E}.Release|Any CPU.Build.0 = Release|Any CPU
	EndGlobalSection
	GlobalSection(SolutionProperties) = preSolution
		HideSolutionNode = FALSE
	EndGlobalSection
	GlobalSection(ExtensibilityGlobals) = postSolution
		SolutionGuid = {E331498F-7638-4319-A9C7-3C5B8C63A402}
	EndGlobalSection
EndGlobal
