
Microsoft Visual Studio Solution File, Format Version 12.00
# Visual Studio Version 17
VisualStudioVersion = 17.5.33502.453
MinimumVisualStudioVersion = 10.0.40219.1
Project("{FAE04EC0-301F-11D3-BF4B-00C04F79EFBC}") = "Pontok", "Pontok\Pontok.csproj", "{346E6FCE-5DE4-486D-9244-1DFB38D2FF86}"
EndProject
Global
	GlobalSection(SolutionConfigurationPlatforms) = preSolution
		Debug|Any CPU = Debug|Any CPU
		Release|Any CPU = Release|Any CPU
	EndGlobalSection
	GlobalSection(ProjectConfigurationPlatforms) = postSolution
		{346E6FCE-5DE4-486D-9244-1DFB38D2FF86}.Debug|Any CPU.ActiveCfg = Debug|Any CPU
		{346E6FCE-5DE4-486D-9244-1DFB38D2FF86}.Debug|Any CPU.Build.0 = Debug|Any CPU
		{346E6FCE-5DE4-486D-9244-1DFB38D2FF86}.Release|Any CPU.ActiveCfg = Release|Any CPU
		{346E6FCE-5DE4-486D-9244-1DFB38D2FF86}.Release|Any CPU.Build.0 = Release|Any CPU
	EndGlobalSection
	GlobalSection(SolutionProperties) = preSolution
		HideSolutionNode = FALSE
	EndGlobalSection
	GlobalSection(ExtensibilityGlobals) = postSolution
		SolutionGuid = {015B4635-42EA-4405-B581-CC2867C25183}
	EndGlobalSection
EndGlobal
