
Microsoft Visual Studio Solution File, Format Version 12.00
# Visual Studio Version 17
VisualStudioVersion = 17.5.33502.453
MinimumVisualStudioVersion = 10.0.40219.1
Project("{FAE04EC0-301F-11D3-BF4B-00C04F79EFBC}") = "Kalandjatek-2023-09-07", "Kalandjatek-2023-09-07\Kalandjatek-2023-09-07.csproj", "{A142DD8C-0457-451C-A3B5-2C366A22638C}"
EndProject
Global
	GlobalSection(SolutionConfigurationPlatforms) = preSolution
		Debug|Any CPU = Debug|Any CPU
		Release|Any CPU = Release|Any CPU
	EndGlobalSection
	GlobalSection(ProjectConfigurationPlatforms) = postSolution
		{A142DD8C-0457-451C-A3B5-2C366A22638C}.Debug|Any CPU.ActiveCfg = Debug|Any CPU
		{A142DD8C-0457-451C-A3B5-2C366A22638C}.Debug|Any CPU.Build.0 = Debug|Any CPU
		{A142DD8C-0457-451C-A3B5-2C366A22638C}.Release|Any CPU.ActiveCfg = Release|Any CPU
		{A142DD8C-0457-451C-A3B5-2C366A22638C}.Release|Any CPU.Build.0 = Release|Any CPU
	EndGlobalSection
	GlobalSection(SolutionProperties) = preSolution
		HideSolutionNode = FALSE
	EndGlobalSection
	GlobalSection(ExtensibilityGlobals) = postSolution
		SolutionGuid = {42E0AB16-035C-4E31-A264-2C94D40C2392}
	EndGlobalSection
EndGlobal
